
Microsoft Visual Studio Solution File, Format Version 12.00
# Visual Studio Version 17
VisualStudioVersion = 17.9.34728.123
MinimumVisualStudioVersion = 10.0.40219.1
Project("{FAE04EC0-301F-11D3-BF4B-00C04F79EFBC}") = "DigitalSignatureApp", "DigitalSignatureApp\DigitalSignatureApp.csproj", "{99F65688-B661-41C4-BCBD-5D7A1B2BF9B7}"
EndProject
Global
	GlobalSection(SolutionConfigurationPlatforms) = preSolution
		Debug|Any CPU = Debug|Any CPU
		Release|Any CPU = Release|Any CPU
	EndGlobalSection
	GlobalSection(ProjectConfigurationPlatforms) = postSolution
		{99F65688-B661-41C4-BCBD-5D7A1B2BF9B7}.Debug|Any CPU.ActiveCfg = Debug|Any CPU
		{99F65688-B661-41C4-BCBD-5D7A1B2BF9B7}.Debug|Any CPU.Build.0 = Debug|Any CPU
		{99F65688-B661-41C4-BCBD-5D7A1B2BF9B7}.Release|Any CPU.ActiveCfg = Release|Any CPU
		{99F65688-B661-41C4-BCBD-5D7A1B2BF9B7}.Release|Any CPU.Build.0 = Release|Any CPU
	EndGlobalSection
	GlobalSection(SolutionProperties) = preSolution
		HideSolutionNode = FALSE
	EndGlobalSection
	GlobalSection(ExtensibilityGlobals) = postSolution
		SolutionGuid = {02F6DD33-99C9-403F-BAFB-89E3B62EC182}
	EndGlobalSection
EndGlobal
